
Microsoft Visual Studio Solution File, Format Version 12.00
# Visual Studio Version 17
VisualStudioVersion = 17.7.34024.191
MinimumVisualStudioVersion = 10.0.40219.1
Project("{FAE04EC0-301F-11D3-BF4B-00C04F79EFBC}") = "Asset tracking-1", "Asset tracking-1\Asset tracking-1.csproj", "{78293801-812A-478B-98E8-C32F5F9064E5}"
EndProject
Global
	GlobalSection(SolutionConfigurationPlatforms) = preSolution
		Debug|Any CPU = Debug|Any CPU
		Release|Any CPU = Release|Any CPU
	EndGlobalSection
	GlobalSection(ProjectConfigurationPlatforms) = postSolution
		{78293801-812A-478B-98E8-C32F5F9064E5}.Debug|Any CPU.ActiveCfg = Debug|Any CPU
		{78293801-812A-478B-98E8-C32F5F9064E5}.Debug|Any CPU.Build.0 = Debug|Any CPU
		{78293801-812A-478B-98E8-C32F5F9064E5}.Release|Any CPU.ActiveCfg = Release|Any CPU
		{78293801-812A-478B-98E8-C32F5F9064E5}.Release|Any CPU.Build.0 = Release|Any CPU
	EndGlobalSection
	GlobalSection(SolutionProperties) = preSolution
		HideSolutionNode = FALSE
	EndGlobalSection
	GlobalSection(ExtensibilityGlobals) = postSolution
		SolutionGuid = {6DCF9B51-775C-4045-B385-91296EFEBCC8}
	EndGlobalSection
EndGlobal
